
Microsoft Visual Studio Solution File, Format Version 12.00
# Visual Studio Version 17
VisualStudioVersion = 17.0.31903.59
MinimumVisualStudioVersion = 10.0.40219.1
Project("{9A19103F-16F7-4668-BE54-9A1E7A4F7556}") = "Day1", "Day1\Day1.csproj", "{1C74A8CB-D42C-4879-987E-03AFB48B62EC}"
EndProject
Project("{9A19103F-16F7-4668-BE54-9A1E7A4F7556}") = "Day2", "Day2\Day2.csproj", "{206E412C-1D44-4B43-AC75-55378ED2EC7F}"
EndProject
Project("{9A19103F-16F7-4668-BE54-9A1E7A4F7556}") = "Day3", "Day3\Day3.csproj", "{4DBA8315-8131-4EE7-A557-0EE3BA41C697}"
EndProject
Project("{9A19103F-16F7-4668-BE54-9A1E7A4F7556}") = "Day4", "Day4\Day4.csproj", "{ECE85D5B-E8E7-430F-AA40-38D26ED0CCBC}"
EndProject
Project("{9A19103F-16F7-4668-BE54-9A1E7A4F7556}") = "Day5", "Day5\Day5.csproj", "{715272A7-55E9-4ECB-A621-E1222C8C1FF4}"
EndProject
Project("{FAE04EC0-301F-11D3-BF4B-00C04F79EFBC}") = "Day6", "Day6\Day6.csproj", "{C35CE3E3-BD2F-4FF0-B3BE-3A4C464C9B16}"
EndProject
Global
	GlobalSection(SolutionConfigurationPlatforms) = preSolution
		Debug|Any CPU = Debug|Any CPU
		Release|Any CPU = Release|Any CPU
	EndGlobalSection
	GlobalSection(ProjectConfigurationPlatforms) = postSolution
		{1C74A8CB-D42C-4879-987E-03AFB48B62EC}.Debug|Any CPU.ActiveCfg = Debug|Any CPU
		{1C74A8CB-D42C-4879-987E-03AFB48B62EC}.Debug|Any CPU.Build.0 = Debug|Any CPU
		{1C74A8CB-D42C-4879-987E-03AFB48B62EC}.Release|Any CPU.ActiveCfg = Release|Any CPU
		{1C74A8CB-D42C-4879-987E-03AFB48B62EC}.Release|Any CPU.Build.0 = Release|Any CPU
		{206E412C-1D44-4B43-AC75-55378ED2EC7F}.Debug|Any CPU.ActiveCfg = Debug|Any CPU
		{206E412C-1D44-4B43-AC75-55378ED2EC7F}.Debug|Any CPU.Build.0 = Debug|Any CPU
		{206E412C-1D44-4B43-AC75-55378ED2EC7F}.Release|Any CPU.ActiveCfg = Release|Any CPU
		{206E412C-1D44-4B43-AC75-55378ED2EC7F}.Release|Any CPU.Build.0 = Release|Any CPU
		{4DBA8315-8131-4EE7-A557-0EE3BA41C697}.Debug|Any CPU.ActiveCfg = Debug|Any CPU
		{4DBA8315-8131-4EE7-A557-0EE3BA41C697}.Debug|Any CPU.Build.0 = Debug|Any CPU
		{4DBA8315-8131-4EE7-A557-0EE3BA41C697}.Release|Any CPU.ActiveCfg = Release|Any CPU
		{4DBA8315-8131-4EE7-A557-0EE3BA41C697}.Release|Any CPU.Build.0 = Release|Any CPU
		{ECE85D5B-E8E7-430F-AA40-38D26ED0CCBC}.Debug|Any CPU.ActiveCfg = Debug|Any CPU
		{ECE85D5B-E8E7-430F-AA40-38D26ED0CCBC}.Debug|Any CPU.Build.0 = Debug|Any CPU
		{ECE85D5B-E8E7-430F-AA40-38D26ED0CCBC}.Release|Any CPU.ActiveCfg = Release|Any CPU
		{ECE85D5B-E8E7-430F-AA40-38D26ED0CCBC}.Release|Any CPU.Build.0 = Release|Any CPU
		{715272A7-55E9-4ECB-A621-E1222C8C1FF4}.Debug|Any CPU.ActiveCfg = Debug|Any CPU
		{715272A7-55E9-4ECB-A621-E1222C8C1FF4}.Debug|Any CPU.Build.0 = Debug|Any CPU
		{715272A7-55E9-4ECB-A621-E1222C8C1FF4}.Release|Any CPU.ActiveCfg = Release|Any CPU
		{715272A7-55E9-4ECB-A621-E1222C8C1FF4}.Release|Any CPU.Build.0 = Release|Any CPU
		{C35CE3E3-BD2F-4FF0-B3BE-3A4C464C9B16}.Debug|Any CPU.ActiveCfg = Debug|Any CPU
		{C35CE3E3-BD2F-4FF0-B3BE-3A4C464C9B16}.Debug|Any CPU.Build.0 = Debug|Any CPU
		{C35CE3E3-BD2F-4FF0-B3BE-3A4C464C9B16}.Release|Any CPU.ActiveCfg = Release|Any CPU
		{C35CE3E3-BD2F-4FF0-B3BE-3A4C464C9B16}.Release|Any CPU.Build.0 = Release|Any CPU
	EndGlobalSection
	GlobalSection(SolutionProperties) = preSolution
		HideSolutionNode = FALSE
	EndGlobalSection
	GlobalSection(ExtensibilityGlobals) = postSolution
		SolutionGuid = {8DC52F1A-7D46-42A2-8D62-D2B05D5B5661}
	EndGlobalSection
EndGlobal
