
Microsoft Visual Studio Solution File, Format Version 12.00
# Visual Studio Version 17
VisualStudioVersion = 17.0.31903.59
MinimumVisualStudioVersion = 10.0.40219.1
Project("{9A19103F-16F7-4668-BE54-9A1E7A4F7556}") = "Day1", "Day1\Day1.csproj", "{1C74A8CB-D42C-4879-987E-03AFB48B62EC}"
EndProject
Project("{9A19103F-16F7-4668-BE54-9A1E7A4F7556}") = "Day2", "Day2\Day2.csproj", "{206E412C-1D44-4B43-AC75-55378ED2EC7F}"
EndProject
Project("{9A19103F-16F7-4668-BE54-9A1E7A4F7556}") = "Day3", "Day3\Day3.csproj", "{4DBA8315-8131-4EE7-A557-0EE3BA41C697}"
EndProject
Project("{9A19103F-16F7-4668-BE54-9A1E7A4F7556}") = "Day4", "Day4\Day4.csproj", "{ECE85D5B-E8E7-430F-AA40-38D26ED0CCBC}"
EndProject
Project("{9A19103F-16F7-4668-BE54-9A1E7A4F7556}") = "Day5", "Day5\Day5.csproj", "{715272A7-55E9-4ECB-A621-E1222C8C1FF4}"
EndProject
Project("{9A19103F-16F7-4668-BE54-9A1E7A4F7556}") = "Day6", "Day6\Day6.csproj", "{C35CE3E3-BD2F-4FF0-B3BE-3A4C464C9B16}"
EndProject
Project("{9A19103F-16F7-4668-BE54-9A1E7A4F7556}") = "Day7", "Day7\Day7.csproj", "{EA57E8A2-25ED-489F-BFD5-A0BCA6ECC2C0}"
EndProject
Project("{9A19103F-16F7-4668-BE54-9A1E7A4F7556}") = "Day8", "Day8\Day8.csproj", "{9224C327-9BBD-44F4-A698-F319D186044D}"
EndProject
Project("{9A19103F-16F7-4668-BE54-9A1E7A4F7556}") = "Day9", "Day9\Day9.csproj", "{05C42FB8-1EC6-4FB2-99BB-814751080DE8}"
EndProject
Project("{9A19103F-16F7-4668-BE54-9A1E7A4F7556}") = "Day10", "Day10\Day10.csproj", "{4D7AE89D-7F03-4E5B-87EA-92171CB094AB}"
EndProject
Project("{9A19103F-16F7-4668-BE54-9A1E7A4F7556}") = "Day11", "Day11\Day11.csproj", "{B678A097-34C6-43FB-A780-265DC6951A2E}"
EndProject
Project("{9A19103F-16F7-4668-BE54-9A1E7A4F7556}") = "Day12", "Day12\Day12.csproj", "{1BF9D6A4-242B-43E2-BAC6-0786F16F0C01}"
EndProject
Project("{9A19103F-16F7-4668-BE54-9A1E7A4F7556}") = "Day13", "Day13\Day13.csproj", "{15CCD24D-45E4-438A-8898-81CCA0D6A379}"
EndProject
Project("{9A19103F-16F7-4668-BE54-9A1E7A4F7556}") = "Day14", "Day14\Day14.csproj", "{A2CB108B-B43B-4095-BB75-672B1F96AF7C}"
EndProject
Project("{FAE04EC0-301F-11D3-BF4B-00C04F79EFBC}") = "Day15", "Day15\Day15.csproj", "{F068B604-E1EA-4D04-9B06-CC202BFB0BCC}"
EndProject
Project("{FAE04EC0-301F-11D3-BF4B-00C04F79EFBC}") = "Day14-take2", "Day14-take2\Day14-take2.csproj", "{BC688CD5-88EA-482F-BF7F-4F0BBBA7E911}"
EndProject
Global
	GlobalSection(SolutionConfigurationPlatforms) = preSolution
		Debug|Any CPU = Debug|Any CPU
		Release|Any CPU = Release|Any CPU
	EndGlobalSection
	GlobalSection(ProjectConfigurationPlatforms) = postSolution
		{1C74A8CB-D42C-4879-987E-03AFB48B62EC}.Debug|Any CPU.ActiveCfg = Debug|Any CPU
		{1C74A8CB-D42C-4879-987E-03AFB48B62EC}.Debug|Any CPU.Build.0 = Debug|Any CPU
		{1C74A8CB-D42C-4879-987E-03AFB48B62EC}.Release|Any CPU.ActiveCfg = Release|Any CPU
		{1C74A8CB-D42C-4879-987E-03AFB48B62EC}.Release|Any CPU.Build.0 = Release|Any CPU
		{206E412C-1D44-4B43-AC75-55378ED2EC7F}.Debug|Any CPU.ActiveCfg = Debug|Any CPU
		{206E412C-1D44-4B43-AC75-55378ED2EC7F}.Debug|Any CPU.Build.0 = Debug|Any CPU
		{206E412C-1D44-4B43-AC75-55378ED2EC7F}.Release|Any CPU.ActiveCfg = Release|Any CPU
		{206E412C-1D44-4B43-AC75-55378ED2EC7F}.Release|Any CPU.Build.0 = Release|Any CPU
		{4DBA8315-8131-4EE7-A557-0EE3BA41C697}.Debug|Any CPU.ActiveCfg = Debug|Any CPU
		{4DBA8315-8131-4EE7-A557-0EE3BA41C697}.Debug|Any CPU.Build.0 = Debug|Any CPU
		{4DBA8315-8131-4EE7-A557-0EE3BA41C697}.Release|Any CPU.ActiveCfg = Release|Any CPU
		{4DBA8315-8131-4EE7-A557-0EE3BA41C697}.Release|Any CPU.Build.0 = Release|Any CPU
		{ECE85D5B-E8E7-430F-AA40-38D26ED0CCBC}.Debug|Any CPU.ActiveCfg = Debug|Any CPU
		{ECE85D5B-E8E7-430F-AA40-38D26ED0CCBC}.Debug|Any CPU.Build.0 = Debug|Any CPU
		{ECE85D5B-E8E7-430F-AA40-38D26ED0CCBC}.Release|Any CPU.ActiveCfg = Release|Any CPU
		{ECE85D5B-E8E7-430F-AA40-38D26ED0CCBC}.Release|Any CPU.Build.0 = Release|Any CPU
		{715272A7-55E9-4ECB-A621-E1222C8C1FF4}.Debug|Any CPU.ActiveCfg = Debug|Any CPU
		{715272A7-55E9-4ECB-A621-E1222C8C1FF4}.Debug|Any CPU.Build.0 = Debug|Any CPU
		{715272A7-55E9-4ECB-A621-E1222C8C1FF4}.Release|Any CPU.ActiveCfg = Release|Any CPU
		{715272A7-55E9-4ECB-A621-E1222C8C1FF4}.Release|Any CPU.Build.0 = Release|Any CPU
		{C35CE3E3-BD2F-4FF0-B3BE-3A4C464C9B16}.Debug|Any CPU.ActiveCfg = Debug|Any CPU
		{C35CE3E3-BD2F-4FF0-B3BE-3A4C464C9B16}.Debug|Any CPU.Build.0 = Debug|Any CPU
		{C35CE3E3-BD2F-4FF0-B3BE-3A4C464C9B16}.Release|Any CPU.ActiveCfg = Release|Any CPU
		{C35CE3E3-BD2F-4FF0-B3BE-3A4C464C9B16}.Release|Any CPU.Build.0 = Release|Any CPU
		{EA57E8A2-25ED-489F-BFD5-A0BCA6ECC2C0}.Debug|Any CPU.ActiveCfg = Debug|Any CPU
		{EA57E8A2-25ED-489F-BFD5-A0BCA6ECC2C0}.Debug|Any CPU.Build.0 = Debug|Any CPU
		{EA57E8A2-25ED-489F-BFD5-A0BCA6ECC2C0}.Release|Any CPU.ActiveCfg = Release|Any CPU
		{EA57E8A2-25ED-489F-BFD5-A0BCA6ECC2C0}.Release|Any CPU.Build.0 = Release|Any CPU
		{9224C327-9BBD-44F4-A698-F319D186044D}.Debug|Any CPU.ActiveCfg = Debug|Any CPU
		{9224C327-9BBD-44F4-A698-F319D186044D}.Debug|Any CPU.Build.0 = Debug|Any CPU
		{9224C327-9BBD-44F4-A698-F319D186044D}.Release|Any CPU.ActiveCfg = Release|Any CPU
		{9224C327-9BBD-44F4-A698-F319D186044D}.Release|Any CPU.Build.0 = Release|Any CPU
		{05C42FB8-1EC6-4FB2-99BB-814751080DE8}.Debug|Any CPU.ActiveCfg = Debug|Any CPU
		{05C42FB8-1EC6-4FB2-99BB-814751080DE8}.Debug|Any CPU.Build.0 = Debug|Any CPU
		{05C42FB8-1EC6-4FB2-99BB-814751080DE8}.Release|Any CPU.ActiveCfg = Release|Any CPU
		{05C42FB8-1EC6-4FB2-99BB-814751080DE8}.Release|Any CPU.Build.0 = Release|Any CPU
		{4D7AE89D-7F03-4E5B-87EA-92171CB094AB}.Debug|Any CPU.ActiveCfg = Debug|Any CPU
		{4D7AE89D-7F03-4E5B-87EA-92171CB094AB}.Debug|Any CPU.Build.0 = Debug|Any CPU
		{4D7AE89D-7F03-4E5B-87EA-92171CB094AB}.Release|Any CPU.ActiveCfg = Release|Any CPU
		{4D7AE89D-7F03-4E5B-87EA-92171CB094AB}.Release|Any CPU.Build.0 = Release|Any CPU
		{B678A097-34C6-43FB-A780-265DC6951A2E}.Debug|Any CPU.ActiveCfg = Debug|Any CPU
		{B678A097-34C6-43FB-A780-265DC6951A2E}.Debug|Any CPU.Build.0 = Debug|Any CPU
		{B678A097-34C6-43FB-A780-265DC6951A2E}.Release|Any CPU.ActiveCfg = Release|Any CPU
		{B678A097-34C6-43FB-A780-265DC6951A2E}.Release|Any CPU.Build.0 = Release|Any CPU
		{1BF9D6A4-242B-43E2-BAC6-0786F16F0C01}.Debug|Any CPU.ActiveCfg = Debug|Any CPU
		{1BF9D6A4-242B-43E2-BAC6-0786F16F0C01}.Debug|Any CPU.Build.0 = Debug|Any CPU
		{1BF9D6A4-242B-43E2-BAC6-0786F16F0C01}.Release|Any CPU.ActiveCfg = Release|Any CPU
		{1BF9D6A4-242B-43E2-BAC6-0786F16F0C01}.Release|Any CPU.Build.0 = Release|Any CPU
		{15CCD24D-45E4-438A-8898-81CCA0D6A379}.Debug|Any CPU.ActiveCfg = Debug|Any CPU
		{15CCD24D-45E4-438A-8898-81CCA0D6A379}.Debug|Any CPU.Build.0 = Debug|Any CPU
		{15CCD24D-45E4-438A-8898-81CCA0D6A379}.Release|Any CPU.ActiveCfg = Release|Any CPU
		{15CCD24D-45E4-438A-8898-81CCA0D6A379}.Release|Any CPU.Build.0 = Release|Any CPU
		{A2CB108B-B43B-4095-BB75-672B1F96AF7C}.Debug|Any CPU.ActiveCfg = Debug|Any CPU
		{A2CB108B-B43B-4095-BB75-672B1F96AF7C}.Debug|Any CPU.Build.0 = Debug|Any CPU
		{A2CB108B-B43B-4095-BB75-672B1F96AF7C}.Release|Any CPU.ActiveCfg = Release|Any CPU
		{A2CB108B-B43B-4095-BB75-672B1F96AF7C}.Release|Any CPU.Build.0 = Release|Any CPU
		{F068B604-E1EA-4D04-9B06-CC202BFB0BCC}.Debug|Any CPU.ActiveCfg = Debug|Any CPU
		{F068B604-E1EA-4D04-9B06-CC202BFB0BCC}.Debug|Any CPU.Build.0 = Debug|Any CPU
		{F068B604-E1EA-4D04-9B06-CC202BFB0BCC}.Release|Any CPU.ActiveCfg = Release|Any CPU
		{F068B604-E1EA-4D04-9B06-CC202BFB0BCC}.Release|Any CPU.Build.0 = Release|Any CPU
		{BC688CD5-88EA-482F-BF7F-4F0BBBA7E911}.Debug|Any CPU.ActiveCfg = Debug|Any CPU
		{BC688CD5-88EA-482F-BF7F-4F0BBBA7E911}.Debug|Any CPU.Build.0 = Debug|Any CPU
		{BC688CD5-88EA-482F-BF7F-4F0BBBA7E911}.Release|Any CPU.ActiveCfg = Release|Any CPU
		{BC688CD5-88EA-482F-BF7F-4F0BBBA7E911}.Release|Any CPU.Build.0 = Release|Any CPU
	EndGlobalSection
	GlobalSection(SolutionProperties) = preSolution
		HideSolutionNode = FALSE
	EndGlobalSection
	GlobalSection(ExtensibilityGlobals) = postSolution
		SolutionGuid = {8DC52F1A-7D46-42A2-8D62-D2B05D5B5661}
	EndGlobalSection
EndGlobal
